
Microsoft Visual Studio Solution File, Format Version 12.00
# Visual Studio Version 16
VisualStudioVersion = 16.0.32106.194
MinimumVisualStudioVersion = 10.0.40219.1
Project("{FAE04EC0-301F-11D3-BF4B-00C04F79EFBC}") = "ConsoleApp2", "ConsoleApp2\ConsoleApp2.csproj", "{535BEBFB-103D-4C16-8A0B-53AF44741D4B}"
EndProject
Global
	GlobalSection(SolutionConfigurationPlatforms) = preSolution
		Debug|Any CPU = Debug|Any CPU
		Release|Any CPU = Release|Any CPU
	EndGlobalSection
	GlobalSection(ProjectConfigurationPlatforms) = postSolution
		{535BEBFB-103D-4C16-8A0B-53AF44741D4B}.Debug|Any CPU.ActiveCfg = Debug|Any CPU
		{535BEBFB-103D-4C16-8A0B-53AF44741D4B}.Debug|Any CPU.Build.0 = Debug|Any CPU
		{535BEBFB-103D-4C16-8A0B-53AF44741D4B}.Release|Any CPU.ActiveCfg = Release|Any CPU
		{535BEBFB-103D-4C16-8A0B-53AF44741D4B}.Release|Any CPU.Build.0 = Release|Any CPU
	EndGlobalSection
	GlobalSection(SolutionProperties) = preSolution
		HideSolutionNode = FALSE
	EndGlobalSection
	GlobalSection(ExtensibilityGlobals) = postSolution
		SolutionGuid = {9614FEED-76C7-4957-9EF4-AE75EB38E4E9}
	EndGlobalSection
EndGlobal
